
Microsoft Visual Studio Solution File, Format Version 12.00
# Visual Studio Version 16
VisualStudioVersion = 16.0.30907.101
MinimumVisualStudioVersion = 10.0.40219.1
Project("{FAE04EC0-301F-11D3-BF4B-00C04F79EFBC}") = "PersonalRegister", "PersonalRegister\PersonalRegister.csproj", "{2342BF48-C4F4-43C0-B1C8-5F50BC463D29}"
EndProject
Project("{FAE04EC0-301F-11D3-BF4B-00C04F79EFBC}") = "PersonalRegister.Test", "PersonalRegister.Test\PersonalRegister.Test.csproj", "{848A75AF-82B3-4E7A-AB68-E1800D56BD7A}"
EndProject
Global
	GlobalSection(SolutionConfigurationPlatforms) = preSolution
		Debug|Any CPU = Debug|Any CPU
		Release|Any CPU = Release|Any CPU
	EndGlobalSection
	GlobalSection(ProjectConfigurationPlatforms) = postSolution
		{2342BF48-C4F4-43C0-B1C8-5F50BC463D29}.Debug|Any CPU.ActiveCfg = Debug|Any CPU
		{2342BF48-C4F4-43C0-B1C8-5F50BC463D29}.Debug|Any CPU.Build.0 = Debug|Any CPU
		{2342BF48-C4F4-43C0-B1C8-5F50BC463D29}.Release|Any CPU.ActiveCfg = Release|Any CPU
		{2342BF48-C4F4-43C0-B1C8-5F50BC463D29}.Release|Any CPU.Build.0 = Release|Any CPU
		{848A75AF-82B3-4E7A-AB68-E1800D56BD7A}.Debug|Any CPU.ActiveCfg = Debug|Any CPU
		{848A75AF-82B3-4E7A-AB68-E1800D56BD7A}.Debug|Any CPU.Build.0 = Debug|Any CPU
		{848A75AF-82B3-4E7A-AB68-E1800D56BD7A}.Release|Any CPU.ActiveCfg = Release|Any CPU
		{848A75AF-82B3-4E7A-AB68-E1800D56BD7A}.Release|Any CPU.Build.0 = Release|Any CPU
	EndGlobalSection
	GlobalSection(SolutionProperties) = preSolution
		HideSolutionNode = FALSE
	EndGlobalSection
	GlobalSection(ExtensibilityGlobals) = postSolution
		SolutionGuid = {2EA8B1EF-9351-4FDA-ABA2-66D9ECF85B7F}
	EndGlobalSection
EndGlobal
